PODS:
  - CocoaLumberjack (2.4.0):
    - CocoaLumberjack/Default (= 2.4.0)
    - CocoaLumberjack/Extensions (= 2.4.0)
  - CocoaLumberjack/Core (2.4.0)
  - CocoaLumberjack/Default (2.4.0):
    - CocoaLumberjack/Core
  - CocoaLumberjack/Extensions (2.4.0):
    - CocoaLumberjack/Default
  - DesignSystem (2.0.8)
  - ReachabilitySwift (3)
  - RxSwift (3.5.0)
  - SalesforceAnalytics (5.2.0):
    - SalesforceAnalytics/SalesforceAnalytics (= 5.2.0)
  - SalesforceAnalytics/SalesforceAnalytics (5.2.0):
    - CocoaLumberjack (~> 2.4.0)
  - SalesforceSDKCore (5.2.0):
    - SalesforceSDKCore/SalesforceSDKCore (= 5.2.0)
  - SalesforceSDKCore/SalesforceSDKCore (5.2.0):
    - SalesforceAnalytics
    - SalesforceSDKCore/SalesforceSDKCore/arc (= 5.2.0)
    - SalesforceSDKCore/SalesforceSDKCore/base (= 5.2.0)
    - SalesforceSDKCore/SalesforceSDKCore/no-arc (= 5.2.0)
  - SalesforceSDKCore/SalesforceSDKCore/arc (5.2.0):
    - SalesforceAnalytics
    - SalesforceSDKCore/SalesforceSDKCore/base
    - SalesforceSDKCore/SalesforceSDKCore/no-arc
  - SalesforceSDKCore/SalesforceSDKCore/base (5.2.0):
    - SalesforceAnalytics
  - SalesforceSDKCore/SalesforceSDKCore/no-arc (5.2.0):
    - SalesforceAnalytics
    - SalesforceSDKCore/SalesforceSDKCore/base
  - SwiftyJSON (3.1.4)

DEPENDENCIES:
  - DesignSystem (~> 2.0)
  - ReachabilitySwift (~> 3)
  - RxSwift (~> 3)
  - SalesforceSDKCore (~> 5)
  - SwiftyJSON (~> 3.1)

SPEC CHECKSUMS:
  CocoaLumberjack: aa9dcab71bdf9eaf2a63bbd9ddc87863efe45457
  DesignSystem: 0777e9c9eec974d02334461735c6d95552341b59
  ReachabilitySwift: f5b9bb30a0777fac8f09ce8b067e32faeb29bb64
  RxSwift: 18ee9d78b45edb3b0b7e79916b47a116e6dbc842
  SalesforceAnalytics: 55e84cd47da19a78655b4192ee6c4f5e47572c47
  SalesforceSDKCore: f3de02ab7d6a8c0411dfc1e660bed79ae6f9b7d7
  SwiftyJSON: c2842d878f95482ffceec5709abc3d05680c0220

PODFILE CHECKSUM: b29e9c93412e2bbe7da2bcb405f1d5552c00b1cc

COCOAPODS: 1.2.0
