// !$*UTF8*$!
{
	archiveVersion = 1;
	classes = {
	};
	objectVersion = 47;
	objects = {

/* Begin PBXBuildFile section */
		4FD6C47A1B754AF1002F9F90 /* AppDelegate.swift in Sources */ = {isa = PBXBuildFile; fileRef = 4FD6C4791B754AF1002F9F90 /* AppDelegate.swift */; };
		4FD6C4811B754AF1002F9F90 /* Images.xcassets in Resources */ = {isa = PBXBuildFile; fileRef = 4FD6C4801B754AF1002F9F90 /* Images.xcassets */; };
		C8BE11AC89759EE481AD0513 /* Pods_RestAPIExplorer.framework in Frameworks */ = {isa = PBXBuildFile; fileRef = 21FB4876EAAFCEADA711A513 /* Pods_RestAPIExplorer.framework */; };
		EE91E16F1F609CDF00581AFB /* RestAPIExplorerView.storyboard in Resources */ = {isa = PBXBuildFile; fileRef = EE91E16E1F609CDF00581AFB /* RestAPIExplorerView.storyboard */; };
		EE91E1721F61905800581AFB /* CallData.swift in Sources */ = {isa = PBXBuildFile; fileRef = EE91E1711F61905800581AFB /* CallData.swift */; };
		EED37C351EE6FF970020EFE9 /* NSDate.swift in Sources */ = {isa = PBXBuildFile; fileRef = EED37C321EE6FF970020EFE9 /* NSDate.swift */; };
		EED37C361EE6FF970020EFE9 /* NSDateFormatter.swift in Sources */ = {isa = PBXBuildFile; fileRef = EED37C331EE6FF970020EFE9 /* NSDateFormatter.swift */; };
		EED37C371EE6FF970020EFE9 /* NSURL.swift in Sources */ = {isa = PBXBuildFile; fileRef = EED37C341EE6FF970020EFE9 /* NSURL.swift */; };
		EED37C5D1EEAEC140020EFE9 /* Constants.swift in Sources */ = {isa = PBXBuildFile; fileRef = EED37C5C1EEAEC140020EFE9 /* Constants.swift */; };
		EED37C5F1EEAEC6F0020EFE9 /* UIColor.swift in Sources */ = {isa = PBXBuildFile; fileRef = EED37C5E1EEAEC6F0020EFE9 /* UIColor.swift */; };
		EEFCF2301EDF27130058320A /* SalesforceHelper.swift in Sources */ = {isa = PBXBuildFile; fileRef = EEFCF22F1EDF27130058320A /* SalesforceHelper.swift */; };
		EEFCF2371EDF2F9A0058320A /* Main.storyboard in Resources */ = {isa = PBXBuildFile; fileRef = EEFCF2331EDF2F9A0058320A /* Main.storyboard */; };
		EEFCF2381EDF2F9A0058320A /* ContainerViewController.swift in Sources */ = {isa = PBXBuildFile; fileRef = EEFCF2341EDF2F9A0058320A /* ContainerViewController.swift */; };
		EEFCF2391EDF2F9A0058320A /* BaseViewController.swift in Sources */ = {isa = PBXBuildFile; fileRef = EEFCF2351EDF2F9A0058320A /* BaseViewController.swift */; };
/* End PBXBuildFile section */

/* Begin PBXFileReference section */
		045D1C5BC2F1EADFDFB3671E /* Pods-UICustomization.release.xcconfig */ = {isa = PBXFileReference; includeInIndex = 1; lastKnownFileType = text.xcconfig; name = "Pods-UICustomization.release.xcconfig"; path = "Pods/Target Support Files/Pods-UICustomization/Pods-UICustomization.release.xcconfig"; sourceTree = "<group>"; };
		0E39AD9429F507E1203A4268 /* Pods-RestAPIExplorer.debug.xcconfig */ = {isa = PBXFileReference; includeInIndex = 1; lastKnownFileType = text.xcconfig; name = "Pods-RestAPIExplorer.debug.xcconfig"; path = "Pods/Target Support Files/Pods-RestAPIExplorer/Pods-RestAPIExplorer.debug.xcconfig"; sourceTree = "<group>"; };
		0FC13CA8AA27E784730D713C /* Pods_UICustomization.framework */ = {isa = PBXFileReference; explicitFileType = wrapper.framework; includeInIndex = 0; path = Pods_UICustomization.framework; sourceTree = BUILT_PRODUCTS_DIR; };
		1E304C49C07ACD9FF2BC59E4 /* Pods-RestAPIExplorer.release.xcconfig */ = {isa = PBXFileReference; includeInIndex = 1; lastKnownFileType = text.xcconfig; name = "Pods-RestAPIExplorer.release.xcconfig"; path = "Pods/Target Support Files/Pods-RestAPIExplorer/Pods-RestAPIExplorer.release.xcconfig"; sourceTree = "<group>"; };
		21FB4876EAAFCEADA711A513 /* Pods_RestAPIExplorer.framework */ = {isa = PBXFileReference; explicitFileType = wrapper.framework; includeInIndex = 0; path = Pods_RestAPIExplorer.framework; sourceTree = BUILT_PRODUCTS_DIR; };
		4FD6C4741B754AF1002F9F90 /* RestAPIExplorer.app */ = {isa = PBXFileReference; explicitFileType = wrapper.application; includeInIndex = 0; path = RestAPIExplorer.app; sourceTree = BUILT_PRODUCTS_DIR; };
		4FD6C4781B754AF1002F9F90 /* Info.plist */ = {isa = PBXFileReference; lastKnownFileType = text.plist.xml; path = Info.plist; sourceTree = "<group>"; };
		4FD6C4791B754AF1002F9F90 /* AppDelegate.swift */ = {isa = PBXFileReference; lastKnownFileType = sourcecode.swift; path = AppDelegate.swift; sourceTree = "<group>"; };
		4FD6C4801B754AF1002F9F90 /* Images.xcassets */ = {isa = PBXFileReference; lastKnownFileType = folder.assetcatalog; path = Images.xcassets; sourceTree = "<group>"; };
		4FD6C49A1B755242002F9F90 /* Bridging-Header.h */ = {isa = PBXFileReference; fileEncoding = 4; lastKnownFileType = sourcecode.c.h; path = "Bridging-Header.h"; sourceTree = "<group>"; };
		762732C14CFE40A989C3AD70 /* Pods-UICustomization.debug.xcconfig */ = {isa = PBXFileReference; includeInIndex = 1; lastKnownFileType = text.xcconfig; name = "Pods-UICustomization.debug.xcconfig"; path = "Pods/Target Support Files/Pods-UICustomization/Pods-UICustomization.debug.xcconfig"; sourceTree = "<group>"; };
		EE91E16E1F609CDF00581AFB /* RestAPIExplorerView.storyboard */ = {isa = PBXFileReference; fileEncoding = 4; lastKnownFileType = file.storyboard; path = RestAPIExplorerView.storyboard; sourceTree = "<group>"; };
		EE91E1711F61905800581AFB /* CallData.swift */ = {isa = PBXFileReference; fileEncoding = 4; lastKnownFileType = sourcecode.swift; path = CallData.swift; sourceTree = "<group>"; };
		EED37C321EE6FF970020EFE9 /* NSDate.swift */ = {isa = PBXFileReference; fileEncoding = 4; lastKnownFileType = sourcecode.swift; path = NSDate.swift; sourceTree = "<group>"; };
		EED37C331EE6FF970020EFE9 /* NSDateFormatter.swift */ = {isa = PBXFileReference; fileEncoding = 4; lastKnownFileType = sourcecode.swift; path = NSDateFormatter.swift; sourceTree = "<group>"; };
		EED37C341EE6FF970020EFE9 /* NSURL.swift */ = {isa = PBXFileReference; fileEncoding = 4; lastKnownFileType = sourcecode.swift; path = NSURL.swift; sourceTree = "<group>"; };
		EED37C5C1EEAEC140020EFE9 /* Constants.swift */ = {isa = PBXFileReference; fileEncoding = 4; lastKnownFileType = sourcecode.swift; path = Constants.swift; sourceTree = "<group>"; };
		EED37C5E1EEAEC6F0020EFE9 /* UIColor.swift */ = {isa = PBXFileReference; fileEncoding = 4; lastKnownFileType = sourcecode.swift; path = UIColor.swift; sourceTree = "<group>"; };
		EEFCF22F1EDF27130058320A /* SalesforceHelper.swift */ = {isa = PBXFileReference; fileEncoding = 4; lastKnownFileType = sourcecode.swift; path = SalesforceHelper.swift; sourceTree = "<group>"; };
		EEFCF2331EDF2F9A0058320A /* Main.storyboard */ = {isa = PBXFileReference; fileEncoding = 4; lastKnownFileType = file.storyboard; path = Main.storyboard; sourceTree = "<group>"; };
		EEFCF2341EDF2F9A0058320A /* ContainerViewController.swift */ = {isa = PBXFileReference; fileEncoding = 4; lastKnownFileType = sourcecode.swift; path = ContainerViewController.swift; sourceTree = "<group>"; };
		EEFCF2351EDF2F9A0058320A /* BaseViewController.swift */ = {isa = PBXFileReference; fileEncoding = 4; lastKnownFileType = sourcecode.swift; path = BaseViewController.swift; sourceTree = "<group>"; };
/* End PBXFileReference section */

/* Begin PBXFrameworksBuildPhase section */
		4FD6C4711B754AF1002F9F90 /* Frameworks */ = {
			isa = PBXFrameworksBuildPhase;
			buildActionMask = 2147483647;
			files = (
				C8BE11AC89759EE481AD0513 /* Pods_RestAPIExplorer.framework in Frameworks */,
			);
			runOnlyForDeploymentPostprocessing = 0;
		};
/* End PBXFrameworksBuildPhase section */

/* Begin PBXGroup section */
		4FD6C46B1B754AF1002F9F90 = {
			isa = PBXGroup;
			children = (
				4FD6C4761B754AF1002F9F90 /* RestAPIExplorer */,
				4FD6C4751B754AF1002F9F90 /* Products */,
				DDFDDF0A29E4BDD114B51BBC /* Pods */,
				6B868AEB1ACA7FCA4636C7F7 /* Frameworks */,
			);
			sourceTree = "<group>";
		};
		4FD6C4751B754AF1002F9F90 /* Products */ = {
			isa = PBXGroup;
			children = (
				4FD6C4741B754AF1002F9F90 /* RestAPIExplorer.app */,
			);
			name = Products;
			sourceTree = "<group>";
		};
		4FD6C4761B754AF1002F9F90 /* RestAPIExplorer */ = {
			isa = PBXGroup;
			children = (
				EEFCF2311EDF2F910058320A /* Views */,
				EE91E1701F618F7100581AFB /* Models */,
				EED37C3A1EE700A50020EFE9 /* General */,
				EED37C2F1EE6FF6D0020EFE9 /* Extensions */,
				EEFCF22E1EDF27030058320A /* Helpers */,
				4FD6C4A11B755265002F9F90 /* Supporting Files */,
			);
			name = RestAPIExplorer;
			path = UICustomization;
			sourceTree = "<group>";
		};
		4FD6C4A11B755265002F9F90 /* Supporting Files */ = {
			isa = PBXGroup;
			children = (
				4FD6C4801B754AF1002F9F90 /* Images.xcassets */,
				4FD6C4781B754AF1002F9F90 /* Info.plist */,
				4FD6C49A1B755242002F9F90 /* Bridging-Header.h */,
				4FD6C4791B754AF1002F9F90 /* AppDelegate.swift */,
			);
			name = "Supporting Files";
			sourceTree = "<group>";
		};
		6B868AEB1ACA7FCA4636C7F7 /* Frameworks */ = {
			isa = PBXGroup;
			children = (
				0FC13CA8AA27E784730D713C /* Pods_UICustomization.framework */,
				21FB4876EAAFCEADA711A513 /* Pods_RestAPIExplorer.framework */,
			);
			name = Frameworks;
			sourceTree = "<group>";
		};
		DDFDDF0A29E4BDD114B51BBC /* Pods */ = {
			isa = PBXGroup;
			children = (
				762732C14CFE40A989C3AD70 /* Pods-UICustomization.debug.xcconfig */,
				045D1C5BC2F1EADFDFB3671E /* Pods-UICustomization.release.xcconfig */,
				0E39AD9429F507E1203A4268 /* Pods-RestAPIExplorer.debug.xcconfig */,
				1E304C49C07ACD9FF2BC59E4 /* Pods-RestAPIExplorer.release.xcconfig */,
			);
			name = Pods;
			sourceTree = "<group>";
		};
		EE91E1701F618F7100581AFB /* Models */ = {
			isa = PBXGroup;
			children = (
				EE91E1711F61905800581AFB /* CallData.swift */,
			);
			name = Models;
			sourceTree = "<group>";
		};
		EED37C2F1EE6FF6D0020EFE9 /* Extensions */ = {
			isa = PBXGroup;
			children = (
				EED37C5E1EEAEC6F0020EFE9 /* UIColor.swift */,
				EED37C321EE6FF970020EFE9 /* NSDate.swift */,
				EED37C331EE6FF970020EFE9 /* NSDateFormatter.swift */,
				EED37C341EE6FF970020EFE9 /* NSURL.swift */,
			);
			name = Extensions;
			sourceTree = "<group>";
		};
		EED37C3A1EE700A50020EFE9 /* General */ = {
			isa = PBXGroup;
			children = (
				EED37C5C1EEAEC140020EFE9 /* Constants.swift */,
			);
			name = General;
			sourceTree = "<group>";
		};
		EED37C4F1EE72CA00020EFE9 /* Base */ = {
			isa = PBXGroup;
			children = (
				EEFCF2331EDF2F9A0058320A /* Main.storyboard */,
				EEFCF2341EDF2F9A0058320A /* ContainerViewController.swift */,
				EEFCF2351EDF2F9A0058320A /* BaseViewController.swift */,
			);
			name = Base;
			sourceTree = "<group>";
		};
		EEFCF22E1EDF27030058320A /* Helpers */ = {
			isa = PBXGroup;
			children = (
				EEFCF22F1EDF27130058320A /* SalesforceHelper.swift */,
			);
			name = Helpers;
			sourceTree = "<group>";
		};
		EEFCF2311EDF2F910058320A /* Views */ = {
			isa = PBXGroup;
			children = (
				EED37C4F1EE72CA00020EFE9 /* Base */,
				EE91E16E1F609CDF00581AFB /* RestAPIExplorerView.storyboard */,
			);
			name = Views;
			sourceTree = "<group>";
		};
/* End PBXGroup section */

/* Begin PBXNativeTarget section */
		4FD6C4731B754AF1002F9F90 /* RestAPIExplorer */ = {
			isa = PBXNativeTarget;
			buildConfigurationList = 4FD6C4931B754AF1002F9F90 /* Build configuration list for PBXNativeTarget "RestAPIExplorer" */;
			buildPhases = (
				FF74F0F7AF3E58C14EBE5178 /* [CP] Check Pods Manifest.lock */,
				4FD6C4701B754AF1002F9F90 /* Sources */,
				4FD6C4711B754AF1002F9F90 /* Frameworks */,
				4FD6C4721B754AF1002F9F90 /* Resources */,
				68C67C5E03B67EF3A0901D3D /* [CP] Copy Pods Resources */,
				73102E6B4C6D9E72C12C1CD1 /* [CP] Embed Pods Frameworks */,
			);
			buildRules = (
			);
			dependencies = (
			);
			name = RestAPIExplorer;
			productName = UICustomization;
			productReference = 4FD6C4741B754AF1002F9F90 /* RestAPIExplorer.app */;
			productType = "com.apple.product-type.application";
		};
/* End PBXNativeTarget section */

/* Begin PBXProject section */
		4FD6C46C1B754AF1002F9F90 /* Project object */ = {
			isa = PBXProject;
			attributes = {
				LastSwiftUpdateCheck = 0710;
				LastUpgradeCheck = 0830;
				ORGANIZATIONNAME = Salesforce;
				TargetAttributes = {
					4FD6C4731B754AF1002F9F90 = {
						CreatedOnToolsVersion = 6.4;
						LastSwiftMigration = 0830;
						ProvisioningStyle = Manual;
					};
				};
			};
			buildConfigurationList = 4FD6C46F1B754AF1002F9F90 /* Build configuration list for PBXProject "RestAPIExplorer" */;
			compatibilityVersion = "Xcode 6.3";
			developmentRegion = English;
			hasScannedForEncodings = 0;
			knownRegions = (
				en,
				Base,
			);
			mainGroup = 4FD6C46B1B754AF1002F9F90;
			productRefGroup = 4FD6C4751B754AF1002F9F90 /* Products */;
			projectDirPath = "";
			projectRoot = "";
			targets = (
				4FD6C4731B754AF1002F9F90 /* RestAPIExplorer */,
			);
		};
/* End PBXProject section */

/* Begin PBXResourcesBuildPhase section */
		4FD6C4721B754AF1002F9F90 /* Resources */ = {
			isa = PBXResourcesBuildPhase;
			buildActionMask = 2147483647;
			files = (
				EE91E16F1F609CDF00581AFB /* RestAPIExplorerView.storyboard in Resources */,
				EEFCF2371EDF2F9A0058320A /* Main.storyboard in Resources */,
				4FD6C4811B754AF1002F9F90 /* Images.xcassets in Resources */,
			);
			runOnlyForDeploymentPostprocessing = 0;
		};
/* End PBXResourcesBuildPhase section */

/* Begin PBXShellScriptBuildPhase section */
		68C67C5E03B67EF3A0901D3D /* [CP] Copy Pods Resources */ = {
			isa = PBXShellScriptBuildPhase;
			buildActionMask = 2147483647;
			files = (
			);
			inputPaths = (
			);
			name = "[CP] Copy Pods Resources";
			outputPaths = (
			);
			runOnlyForDeploymentPostprocessing = 0;
			shellPath = /bin/sh;
			shellScript = "\"${SRCROOT}/Pods/Target Support Files/Pods-RestAPIExplorer/Pods-RestAPIExplorer-resources.sh\"\n";
			showEnvVarsInLog = 0;
		};
		73102E6B4C6D9E72C12C1CD1 /* [CP] Embed Pods Frameworks */ = {
			isa = PBXShellScriptBuildPhase;
			buildActionMask = 2147483647;
			files = (
			);
			inputPaths = (
			);
			name = "[CP] Embed Pods Frameworks";
			outputPaths = (
			);
			runOnlyForDeploymentPostprocessing = 0;
			shellPath = /bin/sh;
			shellScript = "\"${SRCROOT}/Pods/Target Support Files/Pods-RestAPIExplorer/Pods-RestAPIExplorer-frameworks.sh\"\n";
			showEnvVarsInLog = 0;
		};
		FF74F0F7AF3E58C14EBE5178 /* [CP] Check Pods Manifest.lock */ = {
			isa = PBXShellScriptBuildPhase;
			buildActionMask = 2147483647;
			files = (
			);
			inputPaths = (
			);
			name = "[CP] Check Pods Manifest.lock";
			outputPaths = (
			);
			runOnlyForDeploymentPostprocessing = 0;
			shellPath = /bin/sh;
			shellScript = "diff \"${PODS_ROOT}/../Podfile.lock\" \"${PODS_ROOT}/Manifest.lock\" > /dev/null\nif [ $? != 0 ] ; then\n    # print error to STDERR\n    echo \"error: The sandbox is not in sync with the Podfile.lock. Run 'pod install' or update your CocoaPods installation.\" >&2\n    exit 1\nfi\n";
			showEnvVarsInLog = 0;
		};
/* End PBXShellScriptBuildPhase section */

/* Begin PBXSourcesBuildPhase section */
		4FD6C4701B754AF1002F9F90 /* Sources */ = {
			isa = PBXSourcesBuildPhase;
			buildActionMask = 2147483647;
			files = (
				4FD6C47A1B754AF1002F9F90 /* AppDelegate.swift in Sources */,
				EEFCF2391EDF2F9A0058320A /* BaseViewController.swift in Sources */,
				EED37C5F1EEAEC6F0020EFE9 /* UIColor.swift in Sources */,
				EEFCF2381EDF2F9A0058320A /* ContainerViewController.swift in Sources */,
				EED37C371EE6FF970020EFE9 /* NSURL.swift in Sources */,
				EED37C351EE6FF970020EFE9 /* NSDate.swift in Sources */,
				EEFCF2301EDF27130058320A /* SalesforceHelper.swift in Sources */,
				EED37C361EE6FF970020EFE9 /* NSDateFormatter.swift in Sources */,
				EED37C5D1EEAEC140020EFE9 /* Constants.swift in Sources */,
				EE91E1721F61905800581AFB /* CallData.swift in Sources */,
			);
			runOnlyForDeploymentPostprocessing = 0;
		};
/* End PBXSourcesBuildPhase section */

/* Begin XCBuildConfiguration section */
		4FD6C4911B754AF1002F9F90 /* Debug */ = {
			isa = XCBuildConfiguration;
			buildSettings = {
				ALWAYS_SEARCH_USER_PATHS = NO;
				CLANG_CXX_LANGUAGE_STANDARD = "gnu++0x";
				CLANG_CXX_LIBRARY = "libc++";
				CLANG_ENABLE_MODULES = YES;
				CLANG_ENABLE_OBJC_ARC = YES;
				CLANG_WARN_BOOL_CONVERSION = YES;
				CLANG_WARN_CONSTANT_CONVERSION = YES;
				CLANG_WARN_DIRECT_OBJC_ISA_USAGE = YES_ERROR;
				CLANG_WARN_EMPTY_BODY = YES;
				CLANG_WARN_ENUM_CONVERSION = YES;
				CLANG_WARN_INFINITE_RECURSION = YES;
				CLANG_WARN_INT_CONVERSION = YES;
				CLANG_WARN_OBJC_ROOT_CLASS = YES_ERROR;
				CLANG_WARN_SUSPICIOUS_MOVE = YES;
				CLANG_WARN_UNREACHABLE_CODE = YES;
				CLANG_WARN__DUPLICATE_METHOD_MATCH = YES;
				"CODE_SIGN_IDENTITY[sdk=iphoneos*]" = "iPhone Developer";
				COPY_PHASE_STRIP = NO;
				DEBUG_INFORMATION_FORMAT = "dwarf-with-dsym";
				ENABLE_STRICT_OBJC_MSGSEND = YES;
				ENABLE_TESTABILITY = YES;
				GCC_C_LANGUAGE_STANDARD = gnu99;
				GCC_DYNAMIC_NO_PIC = NO;
				GCC_NO_COMMON_BLOCKS = YES;
				GCC_OPTIMIZATION_LEVEL = 0;
				GCC_PREPROCESSOR_DEFINITIONS = (
					"DEBUG=1",
					"$(inherited)",
				);
				GCC_SYMBOLS_PRIVATE_EXTERN = NO;
				GCC_WARN_64_TO_32_BIT_CONVERSION = YES;
				GCC_WARN_ABOUT_RETURN_TYPE = YES_ERROR;
				GCC_WARN_UNDECLARED_SELECTOR = YES;
				GCC_WARN_UNINITIALIZED_AUTOS = YES_AGGRESSIVE;
				GCC_WARN_UNUSED_FUNCTION = YES;
				GCC_WARN_UNUSED_VARIABLE = YES;
				IPHONEOS_DEPLOYMENT_TARGET = 10.0;
				MTL_ENABLE_DEBUG_INFO = YES;
				ONLY_ACTIVE_ARCH = YES;
				SDKROOT = iphoneos;
				SWIFT_OPTIMIZATION_LEVEL = "-Onone";
				TARGETED_DEVICE_FAMILY = "1,2";
			};
			name = Debug;
		};
		4FD6C4921B754AF1002F9F90 /* Release */ = {
			isa = XCBuildConfiguration;
			buildSettings = {
				ALWAYS_SEARCH_USER_PATHS = NO;
				CLANG_CXX_LANGUAGE_STANDARD = "gnu++0x";
				CLANG_CXX_LIBRARY = "libc++";
				CLANG_ENABLE_MODULES = YES;
				CLANG_ENABLE_OBJC_ARC = YES;
				CLANG_WARN_BOOL_CONVERSION = YES;
				CLANG_WARN_CONSTANT_CONVERSION = YES;
				CLANG_WARN_DIRECT_OBJC_ISA_USAGE = YES_ERROR;
				CLANG_WARN_EMPTY_BODY = YES;
				CLANG_WARN_ENUM_CONVERSION = YES;
				CLANG_WARN_INFINITE_RECURSION = YES;
				CLANG_WARN_INT_CONVERSION = YES;
				CLANG_WARN_OBJC_ROOT_CLASS = YES_ERROR;
				CLANG_WARN_SUSPICIOUS_MOVE = YES;
				CLANG_WARN_UNREACHABLE_CODE = YES;
				CLANG_WARN__DUPLICATE_METHOD_MATCH = YES;
				"CODE_SIGN_IDENTITY[sdk=iphoneos*]" = "iPhone Developer";
				COPY_PHASE_STRIP = NO;
				DEBUG_INFORMATION_FORMAT = "dwarf-with-dsym";
				ENABLE_NS_ASSERTIONS = NO;
				ENABLE_STRICT_OBJC_MSGSEND = YES;
				GCC_C_LANGUAGE_STANDARD = gnu99;
				GCC_NO_COMMON_BLOCKS = YES;
				GCC_WARN_64_TO_32_BIT_CONVERSION = YES;
				GCC_WARN_ABOUT_RETURN_TYPE = YES_ERROR;
				GCC_WARN_UNDECLARED_SELECTOR = YES;
				GCC_WARN_UNINITIALIZED_AUTOS = YES_AGGRESSIVE;
				GCC_WARN_UNUSED_FUNCTION = YES;
				GCC_WARN_UNUSED_VARIABLE = YES;
				IPHONEOS_DEPLOYMENT_TARGET = 10.0;
				MTL_ENABLE_DEBUG_INFO = NO;
				SDKROOT = iphoneos;
				SWIFT_OPTIMIZATION_LEVEL = "-Owholemodule";
				TARGETED_DEVICE_FAMILY = "1,2";
				VALIDATE_PRODUCT = YES;
			};
			name = Release;
		};
		4FD6C4941B754AF1002F9F90 /* Debug */ = {
			isa = XCBuildConfiguration;
			baseConfigurationReference = 0E39AD9429F507E1203A4268 /* Pods-RestAPIExplorer.debug.xcconfig */;
			buildSettings = {
				ASSETCATALOG_COMPILER_APPICON_NAME = AppIcon;
				ASSETCATALOG_COMPILER_LAUNCHIMAGE_NAME = LaunchImage;
				DEVELOPMENT_TEAM = "";
				INFOPLIST_FILE = UICustomization/Info.plist;
				LD_RUNPATH_SEARCH_PATHS = "$(inherited) @executable_path/Frameworks";
				MACH_O_TYPE = mh_execute;
				PRODUCT_BUNDLE_IDENTIFIER = com.salesforce.RestAPIExplorer;
				PRODUCT_NAME = "$(TARGET_NAME)";
				PROVISIONING_PROFILE_SPECIFIER = "";
				SF_LOG_LEVEL = Debug;
				SWIFT_OBJC_BRIDGING_HEADER = "UICustomization/Bridging-Header.h";
				SWIFT_VERSION = 3.0;
			};
			name = Debug;
		};
		4FD6C4951B754AF1002F9F90 /* Release */ = {
			isa = XCBuildConfiguration;
			baseConfigurationReference = 1E304C49C07ACD9FF2BC59E4 /* Pods-RestAPIExplorer.release.xcconfig */;
			buildSettings = {
				ASSETCATALOG_COMPILER_APPICON_NAME = AppIcon;
				ASSETCATALOG_COMPILER_LAUNCHIMAGE_NAME = LaunchImage;
				"CODE_SIGN_IDENTITY[sdk=iphoneos*]" = "iPhone Distribution";
				DEVELOPMENT_TEAM = 5DFJC8MD3A;
				INFOPLIST_FILE = UICustomization/Info.plist;
				LD_RUNPATH_SEARCH_PATHS = "$(inherited) @executable_path/Frameworks";
				MACH_O_TYPE = mh_execute;
				PRODUCT_BUNDLE_IDENTIFIER = com.salesforce.RestAPIExplorer;
				PRODUCT_NAME = "$(TARGET_NAME)";
				PROVISIONING_PROFILE = "7439cc22-3f75-424a-9e6b-d1bfe8e44bed";
				PROVISIONING_PROFILE_SPECIFIER = ComDotSalesforceDotStar;
				SF_LOG_LEVEL = Error;
				SWIFT_OBJC_BRIDGING_HEADER = "UICustomization/Bridging-Header.h";
				SWIFT_VERSION = 3.0;
			};
			name = Release;
		};
/* End XCBuildConfiguration section */

/* Begin XCConfigurationList section */
		4FD6C46F1B754AF1002F9F90 /* Build configuration list for PBXProject "RestAPIExplorer" */ = {
			isa = XCConfigurationList;
			buildConfigurations = (
				4FD6C4911B754AF1002F9F90 /* Debug */,
				4FD6C4921B754AF1002F9F90 /* Release */,
			);
			defaultConfigurationIsVisible = 0;
			defaultConfigurationName = Release;
		};
		4FD6C4931B754AF1002F9F90 /* Build configuration list for PBXNativeTarget "RestAPIExplorer" */ = {
			isa = XCConfigurationList;
			buildConfigurations = (
				4FD6C4941B754AF1002F9F90 /* Debug */,
				4FD6C4951B754AF1002F9F90 /* Release */,
			);
			defaultConfigurationIsVisible = 0;
			defaultConfigurationName = Release;
		};
/* End XCConfigurationList section */
	};
	rootObject = 4FD6C46C1B754AF1002F9F90 /* Project object */;
}
